// !$*UTF8*$!
{
	archiveVersion = 1;
	classes = {
	};
	objectVersion = 50;
	objects = {

/* Begin PBXBuildFile section */
		62469C7C23DCDBA5004A5F4F /* Icon.png in Resources */ = {isa = PBXBuildFile; fileRef = 62469C7B23DCDBA4004A5F4F /* Icon.png */; };
		62469C8023DCE078004A5F4F /* disoft_letters.png in Resources */ = {isa = PBXBuildFile; fileRef = 62469C7F23DCE077004A5F4F /* disoft_letters.png */; };
		62469C8223DCE09F004A5F4F /* disoft_mouse.png in Resources */ = {isa = PBXBuildFile; fileRef = 62469C8123DCE09F004A5F4F /* disoft_mouse.png */; };
		62AF4D0F23DCA46D001A6C72 /* AppDelegate.swift in Sources */ = {isa = PBXBuildFile; fileRef = 62AF4D0E23DCA46D001A6C72 /* AppDelegate.swift */; };
		62AF4D1123DCA46D001A6C72 /* ViewController.swift in Sources */ = {isa = PBXBuildFile; fileRef = 62AF4D1023DCA46D001A6C72 /* ViewController.swift */; };
		62AF4D1423DCA46D001A6C72 /* Main.storyboard in Resources */ = {isa = PBXBuildFile; fileRef = 62AF4D1223DCA46D001A6C72 /* Main.storyboard */; };
		62AF4D1723DCA46D001A6C72 /* Disoft.xcdatamodeld in Sources */ = {isa = PBXBuildFile; fileRef = 62AF4D1523DCA46D001A6C72 /* Disoft.xcdatamodeld */; };
		62AF4D1923DCA471001A6C72 /* Assets.xcassets in Resources */ = {isa = PBXBuildFile; fileRef = 62AF4D1823DCA471001A6C72 /* Assets.xcassets */; };
		62AF4D1C23DCA471001A6C72 /* LaunchScreen.storyboard in Resources */ = {isa = PBXBuildFile; fileRef = 62AF4D1A23DCA471001A6C72 /* LaunchScreen.storyboard */; };
		62AF4D2A23DCAAEF001A6C72 /* green_background.jpg in Resources */ = {isa = PBXBuildFile; fileRef = 62AF4D2923DCAAEF001A6C72 /* green_background.jpg */; };
		62DF304823DCC2670001C034 /* LoginVC.swift in Sources */ = {isa = PBXBuildFile; fileRef = 62DF304723DCC2670001C034 /* LoginVC.swift */; };
		62DF304C23DCCF8C0001C034 /* disoft_preview.gif in Resources */ = {isa = PBXBuildFile; fileRef = 62DF304B23DCCF8B0001C034 /* disoft_preview.gif */; };
/* End PBXBuildFile section */

/* Begin PBXFileReference section */
		62469C7B23DCDBA4004A5F4F /* Icon.png */ = {isa = PBXFileReference; lastKnownFileType = image.png; path = Icon.png; sourceTree = "<group>"; };
		62469C7F23DCE077004A5F4F /* disoft_letters.png */ = {isa = PBXFileReference; lastKnownFileType = image.png; path = disoft_letters.png; sourceTree = "<group>"; };
		62469C8123DCE09F004A5F4F /* disoft_mouse.png */ = {isa = PBXFileReference; lastKnownFileType = image.png; path = disoft_mouse.png; sourceTree = "<group>"; };
		62AF4D0B23DCA46D001A6C72 /* Disoft.app */ = {isa = PBXFileReference; explicitFileType = wrapper.application; includeInIndex = 0; path = Disoft.app; sourceTree = BUILT_PRODUCTS_DIR; };
		62AF4D0E23DCA46D001A6C72 /* AppDelegate.swift */ = {isa = PBXFileReference; lastKnownFileType = sourcecode.swift; path = AppDelegate.swift; sourceTree = "<group>"; };
		62AF4D1023DCA46D001A6C72 /* ViewController.swift */ = {isa = PBXFileReference; lastKnownFileType = sourcecode.swift; path = ViewController.swift; sourceTree = "<group>"; };
		62AF4D1323DCA46D001A6C72 /* Base */ = {isa = PBXFileReference; lastKnownFileType = file.storyboard; name = Base; path = Base.lproj/Main.storyboard; sourceTree = "<group>"; };
		62AF4D1623DCA46D001A6C72 /* Disoft.xcdatamodel */ = {isa = PBXFileReference; lastKnownFileType = wrapper.xcdatamodel; path = Disoft.xcdatamodel; sourceTree = "<group>"; };
		62AF4D1823DCA471001A6C72 /* Assets.xcassets */ = {isa = PBXFileReference; lastKnownFileType = folder.assetcatalog; path = Assets.xcassets; sourceTree = "<group>"; };
		62AF4D1B23DCA471001A6C72 /* Base */ = {isa = PBXFileReference; lastKnownFileType = file.storyboard; name = Base; path = Base.lproj/LaunchScreen.storyboard; sourceTree = "<group>"; };
		62AF4D1D23DCA471001A6C72 /* Info.plist */ = {isa = PBXFileReference; lastKnownFileType = text.plist.xml; path = Info.plist; sourceTree = "<group>"; };
		62AF4D2923DCAAEF001A6C72 /* green_background.jpg */ = {isa = PBXFileReference; lastKnownFileType = image.jpeg; path = green_background.jpg; sourceTree = "<group>"; };
		62DF304723DCC2670001C034 /* LoginVC.swift */ = {isa = PBXFileReference; lastKnownFileType = sourcecode.swift; path = LoginVC.swift; sourceTree = "<group>"; };
		62DF304B23DCCF8B0001C034 /* disoft_preview.gif */ = {isa = PBXFileReference; lastKnownFileType = image.gif; path = disoft_preview.gif; sourceTree = "<group>"; };
/* End PBXFileReference section */

/* Begin PBXFrameworksBuildPhase section */
		62AF4D0823DCA46D001A6C72 /* Frameworks */ = {
			isa = PBXFrameworksBuildPhase;
			buildActionMask = 2147483647;
			files = (
			);
			runOnlyForDeploymentPostprocessing = 0;
		};
/* End PBXFrameworksBuildPhase section */

/* Begin PBXGroup section */
		62AF4D0223DCA46D001A6C72 = {
			isa = PBXGroup;
			children = (
				62AF4D0D23DCA46D001A6C72 /* Disoft */,
				62AF4D0C23DCA46D001A6C72 /* Products */,
			);
			sourceTree = "<group>";
		};
		62AF4D0C23DCA46D001A6C72 /* Products */ = {
			isa = PBXGroup;
			children = (
				62AF4D0B23DCA46D001A6C72 /* Disoft.app */,
			);
			name = Products;
			sourceTree = "<group>";
		};
		62AF4D0D23DCA46D001A6C72 /* Disoft */ = {
			isa = PBXGroup;
			children = (
				62DF304D23DCD1920001C034 /* Images */,
				62AF4D0E23DCA46D001A6C72 /* AppDelegate.swift */,
				62AF4D1023DCA46D001A6C72 /* ViewController.swift */,
				62AF4D1223DCA46D001A6C72 /* Main.storyboard */,
				62AF4D1823DCA471001A6C72 /* Assets.xcassets */,
				62AF4D1A23DCA471001A6C72 /* LaunchScreen.storyboard */,
				62AF4D1D23DCA471001A6C72 /* Info.plist */,
				62AF4D1523DCA46D001A6C72 /* Disoft.xcdatamodeld */,
				62DF304723DCC2670001C034 /* LoginVC.swift */,
			);
			path = Disoft;
			sourceTree = "<group>";
		};
		62DF304D23DCD1920001C034 /* Images */ = {
			isa = PBXGroup;
			children = (
				62469C7F23DCE077004A5F4F /* disoft_letters.png */,
				62469C8123DCE09F004A5F4F /* disoft_mouse.png */,
				62469C7B23DCDBA4004A5F4F /* Icon.png */,
				62AF4D2923DCAAEF001A6C72 /* green_background.jpg */,
				62DF304B23DCCF8B0001C034 /* disoft_preview.gif */,
			);
			path = Images;
			sourceTree = "<group>";
		};
/* End PBXGroup section */

/* Begin PBXNativeTarget section */
		62AF4D0A23DCA46D001A6C72 /* Disoft */ = {
			isa = PBXNativeTarget;
			buildConfigurationList = 62AF4D2023DCA471001A6C72 /* Build configuration list for PBXNativeTarget "Disoft" */;
			buildPhases = (
				62AF4D0723DCA46D001A6C72 /* Sources */,
				62AF4D0823DCA46D001A6C72 /* Frameworks */,
				62AF4D0923DCA46D001A6C72 /* Resources */,
			);
			buildRules = (
			);
			dependencies = (
			);
			name = Disoft;
			productName = Disoft;
			productReference = 62AF4D0B23DCA46D001A6C72 /* Disoft.app */;
			productType = "com.apple.product-type.application";
		};
/* End PBXNativeTarget section */

/* Begin PBXProject section */
		62AF4D0323DCA46D001A6C72 /* Project object */ = {
			isa = PBXProject;
			attributes = {
				LastSwiftUpdateCheck = 1010;
				LastUpgradeCheck = 1010;
				ORGANIZATIONNAME = "Queralt Sosa Mompel";
				TargetAttributes = {
					62AF4D0A23DCA46D001A6C72 = {
						CreatedOnToolsVersion = 10.1;
					};
				};
			};
			buildConfigurationList = 62AF4D0623DCA46D001A6C72 /* Build configuration list for PBXProject "Disoft" */;
			compatibilityVersion = "Xcode 9.3";
			developmentRegion = en;
			hasScannedForEncodings = 0;
			knownRegions = (
				en,
				Base,
			);
			mainGroup = 62AF4D0223DCA46D001A6C72;
			productRefGroup = 62AF4D0C23DCA46D001A6C72 /* Products */;
			projectDirPath = "";
			projectRoot = "";
			targets = (
				62AF4D0A23DCA46D001A6C72 /* Disoft */,
			);
		};
/* End PBXProject section */

/* Begin PBXResourcesBuildPhase section */
		62AF4D0923DCA46D001A6C72 /* Resources */ = {
			isa = PBXResourcesBuildPhase;
			buildActionMask = 2147483647;
			files = (
				62469C8023DCE078004A5F4F /* disoft_letters.png in Resources */,
				62DF304C23DCCF8C0001C034 /* disoft_preview.gif in Resources */,
				62AF4D1C23DCA471001A6C72 /* LaunchScreen.storyboard in Resources */,
				62AF4D2A23DCAAEF001A6C72 /* green_background.jpg in Resources */,
				62469C8223DCE09F004A5F4F /* disoft_mouse.png in Resources */,
				62AF4D1923DCA471001A6C72 /* Assets.xcassets in Resources */,
				62469C7C23DCDBA5004A5F4F /* Icon.png in Resources */,
				62AF4D1423DCA46D001A6C72 /* Main.storyboard in Resources */,
			);
			runOnlyForDeploymentPostprocessing = 0;
		};
/* End PBXResourcesBuildPhase section */

/* Begin PBXSourcesBuildPhase section */
		62AF4D0723DCA46D001A6C72 /* Sources */ = {
			isa = PBXSourcesBuildPhase;
			buildActionMask = 2147483647;
			files = (
				62AF4D1123DCA46D001A6C72 /* ViewController.swift in Sources */,
				62AF4D1723DCA46D001A6C72 /* Disoft.xcdatamodeld in Sources */,
				62DF304823DCC2670001C034 /* LoginVC.swift in Sources */,
				62AF4D0F23DCA46D001A6C72 /* AppDelegate.swift in Sources */,
			);
			runOnlyForDeploymentPostprocessing = 0;
		};
/* End PBXSourcesBuildPhase section */

/* Begin PBXVariantGroup section */
		62AF4D1223DCA46D001A6C72 /* Main.storyboard */ = {
			isa = PBXVariantGroup;
			children = (
				62AF4D1323DCA46D001A6C72 /* Base */,
			);
			name = Main.storyboard;
			sourceTree = "<group>";
		};
		62AF4D1A23DCA471001A6C72 /* LaunchScreen.storyboard */ = {
			isa = PBXVariantGroup;
			children = (
				62AF4D1B23DCA471001A6C72 /* Base */,
			);
			name = LaunchScreen.storyboard;
			sourceTree = "<group>";
		};
/* End PBXVariantGroup section */

/* Begin XCBuildConfiguration section */
		62AF4D1E23DCA471001A6C72 /* Debug */ = {
			isa = XCBuildConfiguration;
			buildSettings = {
				ALWAYS_SEARCH_USER_PATHS = NO;
				CLANG_ANALYZER_NONNULL = YES;
				CLANG_ANALYZER_NUMBER_OBJECT_CONVERSION = YES_AGGRESSIVE;
				CLANG_CXX_LANGUAGE_STANDARD = "gnu++14";
				CLANG_CXX_LIBRARY = "libc++";
				CLANG_ENABLE_MODULES = YES;
				CLANG_ENABLE_OBJC_ARC = YES;
				CLANG_ENABLE_OBJC_WEAK = YES;
				CLANG_WARN_BLOCK_CAPTURE_AUTORELEASING = YES;
				CLANG_WARN_BOOL_CONVERSION = YES;
				CLANG_WARN_COMMA = YES;
				CLANG_WARN_CONSTANT_CONVERSION = YES;
				CLANG_WARN_DEPRECATED_OBJC_IMPLEMENTATIONS = YES;
				CLANG_WARN_DIRECT_OBJC_ISA_USAGE = YES_ERROR;
				CLANG_WARN_DOCUMENTATION_COMMENTS = YES;
				CLANG_WARN_EMPTY_BODY = YES;
				CLANG_WARN_ENUM_CONVERSION = YES;
				CLANG_WARN_INFINITE_RECURSION = YES;
				CLANG_WARN_INT_CONVERSION = YES;
				CLANG_WARN_NON_LITERAL_NULL_CONVERSION = YES;
				CLANG_WARN_OBJC_IMPLICIT_RETAIN_SELF = YES;
				CLANG_WARN_OBJC_LITERAL_CONVERSION = YES;
				CLANG_WARN_OBJC_ROOT_CLASS = YES_ERROR;
				CLANG_WARN_RANGE_LOOP_ANALYSIS = YES;
				CLANG_WARN_STRICT_PROTOTYPES = YES;
				CLANG_WARN_SUSPICIOUS_MOVE = YES;
				CLANG_WARN_UNGUARDED_AVAILABILITY = YES_AGGRESSIVE;
				CLANG_WARN_UNREACHABLE_CODE = YES;
				CLANG_WARN__DUPLICATE_METHOD_MATCH = YES;
				CODE_SIGN_IDENTITY = "iPhone Developer";
				COPY_PHASE_STRIP = NO;
				DEBUG_INFORMATION_FORMAT = dwarf;
				ENABLE_STRICT_OBJC_MSGSEND = YES;
				ENABLE_TESTABILITY = YES;
				GCC_C_LANGUAGE_STANDARD = gnu11;
				GCC_DYNAMIC_NO_PIC = NO;
				GCC_NO_COMMON_BLOCKS = YES;
				GCC_OPTIMIZATION_LEVEL = 0;
				GCC_PREPROCESSOR_DEFINITIONS = (
					"DEBUG=1",
					"$(inherited)",
				);
				GCC_WARN_64_TO_32_BIT_CONVERSION = YES;
				GCC_WARN_ABOUT_RETURN_TYPE = YES_ERROR;
				GCC_WARN_UNDECLARED_SELECTOR = YES;
				GCC_WARN_UNINITIALIZED_AUTOS = YES_AGGRESSIVE;
				GCC_WARN_UNUSED_FUNCTION = YES;
				GCC_WARN_UNUSED_VARIABLE = YES;
				IPHONEOS_DEPLOYMENT_TARGET = 12.1;
				MTL_ENABLE_DEBUG_INFO = INCLUDE_SOURCE;
				MTL_FAST_MATH = YES;
				ONLY_ACTIVE_ARCH = YES;
				SDKROOT = iphoneos;
				SWIFT_ACTIVE_COMPILATION_CONDITIONS = DEBUG;
				SWIFT_OPTIMIZATION_LEVEL = "-Onone";
			};
			name = Debug;
		};
		62AF4D1F23DCA471001A6C72 /* Release */ = {
			isa = XCBuildConfiguration;
			buildSettings = {
				ALWAYS_SEARCH_USER_PATHS = NO;
				CLANG_ANALYZER_NONNULL = YES;
				CLANG_ANALYZER_NUMBER_OBJECT_CONVERSION = YES_AGGRESSIVE;
				CLANG_CXX_LANGUAGE_STANDARD = "gnu++14";
				CLANG_CXX_LIBRARY = "libc++";
				CLANG_ENABLE_MODULES = YES;
				CLANG_ENABLE_OBJC_ARC = YES;
				CLANG_ENABLE_OBJC_WEAK = YES;
				CLANG_WARN_BLOCK_CAPTURE_AUTORELEASING = YES;
				CLANG_WARN_BOOL_CONVERSION = YES;
				CLANG_WARN_COMMA = YES;
				CLANG_WARN_CONSTANT_CONVERSION = YES;
				CLANG_WARN_DEPRECATED_OBJC_IMPLEMENTATIONS = YES;
				CLANG_WARN_DIRECT_OBJC_ISA_USAGE = YES_ERROR;
				CLANG_WARN_DOCUMENTATION_COMMENTS = YES;
				CLANG_WARN_EMPTY_BODY = YES;
				CLANG_WARN_ENUM_CONVERSION = YES;
				CLANG_WARN_INFINITE_RECURSION = YES;
				CLANG_WARN_INT_CONVERSION = YES;
				CLANG_WARN_NON_LITERAL_NULL_CONVERSION = YES;
				CLANG_WARN_OBJC_IMPLICIT_RETAIN_SELF = YES;
				CLANG_WARN_OBJC_LITERAL_CONVERSION = YES;
				CLANG_WARN_OBJC_ROOT_CLASS = YES_ERROR;
				CLANG_WARN_RANGE_LOOP_ANALYSIS = YES;
				CLANG_WARN_STRICT_PROTOTYPES = YES;
				CLANG_WARN_SUSPICIOUS_MOVE = YES;
				CLANG_WARN_UNGUARDED_AVAILABILITY = YES_AGGRESSIVE;
				CLANG_WARN_UNREACHABLE_CODE = YES;
				CLANG_WARN__DUPLICATE_METHOD_MATCH = YES;
				CODE_SIGN_IDENTITY = "iPhone Developer";
				COPY_PHASE_STRIP = NO;
				DEBUG_INFORMATION_FORMAT = "dwarf-with-dsym";
				ENABLE_NS_ASSERTIONS = NO;
				ENABLE_STRICT_OBJC_MSGSEND = YES;
				GCC_C_LANGUAGE_STANDARD = gnu11;
				GCC_NO_COMMON_BLOCKS = YES;
				GCC_WARN_64_TO_32_BIT_CONVERSION = YES;
				GCC_WARN_ABOUT_RETURN_TYPE = YES_ERROR;
				GCC_WARN_UNDECLARED_SELECTOR = YES;
				GCC_WARN_UNINITIALIZED_AUTOS = YES_AGGRESSIVE;
				GCC_WARN_UNUSED_FUNCTION = YES;
				GCC_WARN_UNUSED_VARIABLE = YES;
				IPHONEOS_DEPLOYMENT_TARGET = 12.1;
				MTL_ENABLE_DEBUG_INFO = NO;
				MTL_FAST_MATH = YES;
				SDKROOT = iphoneos;
				SWIFT_COMPILATION_MODE = wholemodule;
				SWIFT_OPTIMIZATION_LEVEL = "-O";
				VALIDATE_PRODUCT = YES;
			};
			name = Release;
		};
		62AF4D2123DCA471001A6C72 /* Debug */ = {
			isa = XCBuildConfiguration;
			buildSettings = {
				ASSETCATALOG_COMPILER_APPICON_NAME = AppIcon;
				CODE_SIGN_STYLE = Automatic;
				DEVELOPMENT_TEAM = RBE9527MBH;
				INFOPLIST_FILE = Disoft/Info.plist;
				LD_RUNPATH_SEARCH_PATHS = (
					"$(inherited)",
					"@executable_path/Frameworks",
				);
				PRODUCT_BUNDLE_IDENTIFIER = disoftserviciosinformaticos.Disoft;
				PRODUCT_NAME = "$(TARGET_NAME)";
				SWIFT_VERSION = 4.2;
				TARGETED_DEVICE_FAMILY = "1,2";
			};
			name = Debug;
		};
		62AF4D2223DCA471001A6C72 /* Release */ = {
			isa = XCBuildConfiguration;
			buildSettings = {
				ASSETCATALOG_COMPILER_APPICON_NAME = AppIcon;
				CODE_SIGN_STYLE = Automatic;
				DEVELOPMENT_TEAM = RBE9527MBH;
				INFOPLIST_FILE = Disoft/Info.plist;
				LD_RUNPATH_SEARCH_PATHS = (
					"$(inherited)",
					"@executable_path/Frameworks",
				);
				PRODUCT_BUNDLE_IDENTIFIER = disoftserviciosinformaticos.Disoft;
				PRODUCT_NAME = "$(TARGET_NAME)";
				SWIFT_VERSION = 4.2;
				TARGETED_DEVICE_FAMILY = "1,2";
			};
			name = Release;
		};
/* End XCBuildConfiguration section */

/* Begin XCConfigurationList section */
		62AF4D0623DCA46D001A6C72 /* Build configuration list for PBXProject "Disoft" */ = {
			isa = XCConfigurationList;
			buildConfigurations = (
				62AF4D1E23DCA471001A6C72 /* Debug */,
				62AF4D1F23DCA471001A6C72 /* Release */,
			);
			defaultConfigurationIsVisible = 0;
			defaultConfigurationName = Release;
		};
		62AF4D2023DCA471001A6C72 /* Build configuration list for PBXNativeTarget "Disoft" */ = {
			isa = XCConfigurationList;
			buildConfigurations = (
				62AF4D2123DCA471001A6C72 /* Debug */,
				62AF4D2223DCA471001A6C72 /* Release */,
			);
			defaultConfigurationIsVisible = 0;
			defaultConfigurationName = Release;
		};
/* End XCConfigurationList section */

/* Begin XCVersionGroup section */
		62AF4D1523DCA46D001A6C72 /* Disoft.xcdatamodeld */ = {
			isa = XCVersionGroup;
			children = (
				62AF4D1623DCA46D001A6C72 /* Disoft.xcdatamodel */,
			);
			currentVersion = 62AF4D1623DCA46D001A6C72 /* Disoft.xcdatamodel */;
			path = Disoft.xcdatamodeld;
			sourceTree = "<group>";
			versionGroupType = wrapper.xcdatamodel;
		};
/* End XCVersionGroup section */
	};
	rootObject = 62AF4D0323DCA46D001A6C72 /* Project object */;
}
